
Microsoft Visual Studio Solution File, Format Version 12.00
# Visual Studio Version 17
VisualStudioVersion = 17.7.34024.191
MinimumVisualStudioVersion = 10.0.40219.1
Project("{9A19103F-16F7-4668-BE54-9A1E7A4F7556}") = "CSVProject", "CSVProject\CSVProject.csproj", "{EE4CEC87-0E54-44C0-9522-339689E5F38F}"
EndProject
Project("{FAE04EC0-301F-11D3-BF4B-00C04F79EFBC}") = "CSVLibrary", "MyLibrary\CSVLibrary.csproj", "{71F3D6E5-2099-4BEB-90DD-5C863F7F4123}"
EndProject
Project("{9A19103F-16F7-4668-BE54-9A1E7A4F7556}") = "CSVLibrary Test", "TestProject\CSVLibrary Test.csproj", "{34C52146-5027-484F-AAF9-EFCA45B3C431}"
EndProject
Global
	GlobalSection(SolutionConfigurationPlatforms) = preSolution
		Debug|Any CPU = Debug|Any CPU
		Release|Any CPU = Release|Any CPU
	EndGlobalSection
	GlobalSection(ProjectConfigurationPlatforms) = postSolution
		{EE4CEC87-0E54-44C0-9522-339689E5F38F}.Debug|Any CPU.ActiveCfg = Debug|Any CPU
		{EE4CEC87-0E54-44C0-9522-339689E5F38F}.Debug|Any CPU.Build.0 = Debug|Any CPU
		{EE4CEC87-0E54-44C0-9522-339689E5F38F}.Release|Any CPU.ActiveCfg = Release|Any CPU
		{EE4CEC87-0E54-44C0-9522-339689E5F38F}.Release|Any CPU.Build.0 = Release|Any CPU
		{71F3D6E5-2099-4BEB-90DD-5C863F7F4123}.Debug|Any CPU.ActiveCfg = Debug|Any CPU
		{71F3D6E5-2099-4BEB-90DD-5C863F7F4123}.Debug|Any CPU.Build.0 = Debug|Any CPU
		{71F3D6E5-2099-4BEB-90DD-5C863F7F4123}.Release|Any CPU.ActiveCfg = Release|Any CPU
		{71F3D6E5-2099-4BEB-90DD-5C863F7F4123}.Release|Any CPU.Build.0 = Release|Any CPU
		{34C52146-5027-484F-AAF9-EFCA45B3C431}.Debug|Any CPU.ActiveCfg = Debug|Any CPU
		{34C52146-5027-484F-AAF9-EFCA45B3C431}.Debug|Any CPU.Build.0 = Debug|Any CPU
		{34C52146-5027-484F-AAF9-EFCA45B3C431}.Release|Any CPU.ActiveCfg = Release|Any CPU
		{34C52146-5027-484F-AAF9-EFCA45B3C431}.Release|Any CPU.Build.0 = Release|Any CPU
	EndGlobalSection
	GlobalSection(SolutionProperties) = preSolution
		HideSolutionNode = FALSE
	EndGlobalSection
	GlobalSection(ExtensibilityGlobals) = postSolution
		SolutionGuid = {8972DE9D-4623-4F16-9362-175B30659E7A}
	EndGlobalSection
EndGlobal
